{
  "name": "WholeMem",
  "lockfileVersion": 3,
  "requires": true,
  "packages": {
    "": {
      "dependencies": {
        "screenpipe": "^0.3.296"
      }
    },
    "node_modules/@screenpipe/cli-darwin-arm64": {
      "version": "0.3.296",
      "resolved": "https://registry.npmjs.org/@screenpipe/cli-darwin-arm64/-/cli-darwin-arm64-0.3.296.tgz",
      "integrity": "sha512-QCfsbaZ2mqBD92Ay4ix5stzrIFpY00lbiOA6hCMImZjp3znXie++Ser7nBPWIUxnAs6WooQE03bHMOx0Ix37Sg==",
      "cpu": [
        "arm64"
      ],
      "license": "MIT",
      "optional": true,
      "os": [
        "darwin"
      ],
      "bin": {
        "screenpipe": "bin/screenpipe"
      }
    },
    "node_modules/@screenpipe/cli-darwin-x64": {
      "version": "0.3.296",
      "resolved": "https://registry.npmjs.org/@screenpipe/cli-darwin-x64/-/cli-darwin-x64-0.3.296.tgz",
      "integrity": "sha512-qi+rGDUo8yC/4+ezQvAcVA+0CW7AIvub1Ob7K1Z4QRxoqhOrxZUBH6HxefWvItme3OwAADN6IjO7bvEi8U4i3w==",
      "cpu": [
        "x64"
      ],
      "license": "MIT",
      "optional": true,
      "os": [
        "darwin"
      ],
      "bin": {
        "screenpipe": "bin/screenpipe"
      }
    },
    "node_modules/@screenpipe/cli-linux-x64": {
      "version": "0.3.296",
      "resolved": "https://registry.npmjs.org/@screenpipe/cli-linux-x64/-/cli-linux-x64-0.3.296.tgz",
      "integrity": "sha512-mUYzQ3Nsh4lf/vmzBdaqb7UAUHImcegPOhPmnKKG874aQCyQLGmBJ0U1zMWVxQlAIpRdp30owLXgXPM0rNmnCA==",
      "cpu": [
        "x64"
      ],
      "license": "MIT",
      "optional": true,
      "os": [
        "linux"
      ],
      "bin": {
        "screenpipe": "bin/screenpipe"
      }
    },
    "node_modules/@screenpipe/cli-win32-x64": {
      "version": "0.3.296",
      "resolved": "https://registry.npmjs.org/@screenpipe/cli-win32-x64/-/cli-win32-x64-0.3.296.tgz",
      "integrity": "sha512-epRBHvlzoUsI822qaZLS4yKZIgl8sChzNJsBZvaigfJOQZRC0+cB5hcx+9c00F0LH9OBOoEV58hqAA4wP7ITKg==",
      "cpu": [
        "x64"
      ],
      "license": "MIT",
      "optional": true,
      "os": [
        "win32"
      ],
      "bin": {
        "screenpipe": "bin/screenpipe.exe"
      }
    },
    "node_modules/screenpipe": {
      "version": "0.3.296",
      "resolved": "https://registry.npmjs.org/screenpipe/-/screenpipe-0.3.296.tgz",
      "integrity": "sha512-4/STOcr5d9iZ49mKdqNm5PvTBF4X6fnHTOk3h6wz4WDgdCuHGbsqOFoW0KZ+fV3AOraWNVbYcC0Z0O9UPh3wJA==",
      "hasInstallScript": true,
      "license": "MIT",
      "bin": {
        "screenpipe": "bin/screenpipe.js"
      },
      "optionalDependencies": {
        "@screenpipe/cli-darwin-arm64": "0.3.296",
        "@screenpipe/cli-darwin-x64": "0.3.296",
        "@screenpipe/cli-linux-x64": "0.3.296",
        "@screenpipe/cli-win32-x64": "0.3.296"
      }
    }
  }
}
